
Microsoft Visual Studio Solution File, Format Version 12.00
# Visual Studio Version 17
VisualStudioVersion = 17.8.34525.116
MinimumVisualStudioVersion = 10.0.40219.1
Project("{FAE04EC0-301F-11D3-BF4B-00C04F79EFBC}") = "ShoppingCart.Web", "ShoppingCart.Web\ShoppingCart.Web.csproj", "{43A07ACA-D30C-4432-A445-905D36DCAC8F}"
EndProject
Project("{FAE04EC0-301F-11D3-BF4B-00C04F79EFBC}") = "ShoppingCart.Models", "ShoppingCart.Models\ShoppingCart.Models.csproj", "{D6E80BA4-694E-4F72-B0D8-3ECF59AC7471}"
EndProject
Project("{FAE04EC0-301F-11D3-BF4B-00C04F79EFBC}") = "ShoppingCart.DataAccess", "ShoppingCart.DataAccess\ShoppingCart.DataAccess.csproj", "{3DB221ED-996D-4D9C-A9AA-B1499D0C6CF4}"
EndProject
Project("{FAE04EC0-301F-11D3-BF4B-00C04F79EFBC}") = "ShoppingCart.Utility", "ShoppingCart.Utility\ShoppingCart.Utility.csproj", "{63C359D2-68AD-4DB6-97C9-040718491E8C}"
EndProject
Global
	GlobalSection(SolutionConfigurationPlatforms) = preSolution
		Debug|Any CPU = Debug|Any CPU
		Release|Any CPU = Release|Any CPU
	EndGlobalSection
	GlobalSection(ProjectConfigurationPlatforms) = postSolution
		{43A07ACA-D30C-4432-A445-905D36DCAC8F}.Debug|Any CPU.ActiveCfg = Debug|Any CPU
		{43A07ACA-D30C-4432-A445-905D36DCAC8F}.Debug|Any CPU.Build.0 = Debug|Any CPU
		{43A07ACA-D30C-4432-A445-905D36DCAC8F}.Release|Any CPU.ActiveCfg = Release|Any CPU
		{43A07ACA-D30C-4432-A445-905D36DCAC8F}.Release|Any CPU.Build.0 = Release|Any CPU
		{D6E80BA4-694E-4F72-B0D8-3ECF59AC7471}.Debug|Any CPU.ActiveCfg = Debug|Any CPU
		{D6E80BA4-694E-4F72-B0D8-3ECF59AC7471}.Debug|Any CPU.Build.0 = Debug|Any CPU
		{D6E80BA4-694E-4F72-B0D8-3ECF59AC7471}.Release|Any CPU.ActiveCfg = Release|Any CPU
		{D6E80BA4-694E-4F72-B0D8-3ECF59AC7471}.Release|Any CPU.Build.0 = Release|Any CPU
		{3DB221ED-996D-4D9C-A9AA-B1499D0C6CF4}.Debug|Any CPU.ActiveCfg = Debug|Any CPU
		{3DB221ED-996D-4D9C-A9AA-B1499D0C6CF4}.Debug|Any CPU.Build.0 = Debug|Any CPU
		{3DB221ED-996D-4D9C-A9AA-B1499D0C6CF4}.Release|Any CPU.ActiveCfg = Release|Any CPU
		{3DB221ED-996D-4D9C-A9AA-B1499D0C6CF4}.Release|Any CPU.Build.0 = Release|Any CPU
		{63C359D2-68AD-4DB6-97C9-040718491E8C}.Debug|Any CPU.ActiveCfg = Debug|Any CPU
		{63C359D2-68AD-4DB6-97C9-040718491E8C}.Debug|Any CPU.Build.0 = Debug|Any CPU
		{63C359D2-68AD-4DB6-97C9-040718491E8C}.Release|Any CPU.ActiveCfg = Release|Any CPU
		{63C359D2-68AD-4DB6-97C9-040718491E8C}.Release|Any CPU.Build.0 = Release|Any CPU
	EndGlobalSection
	GlobalSection(SolutionProperties) = preSolution
		HideSolutionNode = FALSE
	EndGlobalSection
	GlobalSection(ExtensibilityGlobals) = postSolution
		SolutionGuid = {FA237660-15B7-49C6-98C0-BC320C937038}
	EndGlobalSection
EndGlobal
